
Microsoft Visual Studio Solution File, Format Version 12.00
# Visual Studio Version 17
VisualStudioVersion = 17.2.32516.85
MinimumVisualStudioVersion = 10.0.40219.1
Project("{FAE04EC0-301F-11D3-BF4B-00C04F79EFBC}") = "DarkMidiRemapperCore", "src\DarkMidiRemapperCore\DarkMidiRemapperCore.csproj", "{8764D755-5D83-4D98-83EF-E038DEA164DA}"
EndProject
Global
	GlobalSection(SolutionConfigurationPlatforms) = preSolution
		Debug|Any CPU = Debug|Any CPU
		Release|Any CPU = Release|Any CPU
	EndGlobalSection
	GlobalSection(ProjectConfigurationPlatforms) = postSolution
		{8764D755-5D83-4D98-83EF-E038DEA164DA}.Debug|Any CPU.ActiveCfg = Debug|Any CPU
		{8764D755-5D83-4D98-83EF-E038DEA164DA}.Debug|Any CPU.Build.0 = Debug|Any CPU
		{8764D755-5D83-4D98-83EF-E038DEA164DA}.Release|Any CPU.ActiveCfg = Release|Any CPU
		{8764D755-5D83-4D98-83EF-E038DEA164DA}.Release|Any CPU.Build.0 = Release|Any CPU
	EndGlobalSection
	GlobalSection(SolutionProperties) = preSolution
		HideSolutionNode = FALSE
	EndGlobalSection
	GlobalSection(ExtensibilityGlobals) = postSolution
		SolutionGuid = {34B0DA00-126A-44E8-B244-43DB23F9BD8F}
	EndGlobalSection
EndGlobal
